
Microsoft Visual Studio Solution File, Format Version 12.00
# Visual Studio Version 16
VisualStudioVersion = 16.0.31025.194
MinimumVisualStudioVersion = 10.0.40219.1
Project("{FAE04EC0-301F-11D3-BF4B-00C04F79EFBC}") = "uri - 1012 - area", "uri - 1012 - area\uri - 1012 - area.csproj", "{614D2DEF-96F5-47EA-9A8D-E114A41B9D87}"
EndProject
Global
	GlobalSection(SolutionConfigurationPlatforms) = preSolution
		Debug|Any CPU = Debug|Any CPU
		Release|Any CPU = Release|Any CPU
	EndGlobalSection
	GlobalSection(ProjectConfigurationPlatforms) = postSolution
		{614D2DEF-96F5-47EA-9A8D-E114A41B9D87}.Debug|Any CPU.ActiveCfg = Debug|Any CPU
		{614D2DEF-96F5-47EA-9A8D-E114A41B9D87}.Debug|Any CPU.Build.0 = Debug|Any CPU
		{614D2DEF-96F5-47EA-9A8D-E114A41B9D87}.Release|Any CPU.ActiveCfg = Release|Any CPU
		{614D2DEF-96F5-47EA-9A8D-E114A41B9D87}.Release|Any CPU.Build.0 = Release|Any CPU
	EndGlobalSection
	GlobalSection(SolutionProperties) = preSolution
		HideSolutionNode = FALSE
	EndGlobalSection
	GlobalSection(ExtensibilityGlobals) = postSolution
		SolutionGuid = {DD566968-F1F8-47F7-8581-9C1F1C248A1C}
	EndGlobalSection
EndGlobal
