
Microsoft Visual Studio Solution File, Format Version 12.00
# Visual Studio Version 16
VisualStudioVersion = 16.0.31025.194
MinimumVisualStudioVersion = 10.0.40219.1
Project("{FAE04EC0-301F-11D3-BF4B-00C04F79EFBC}") = "uri - 1013 - o maior", "uri - 1013 - o maior\uri - 1013 - o maior.csproj", "{B991F7F5-F6BF-4915-BBB8-BA7AE7E11A86}"
EndProject
Global
	GlobalSection(SolutionConfigurationPlatforms) = preSolution
		Debug|Any CPU = Debug|Any CPU
		Release|Any CPU = Release|Any CPU
	EndGlobalSection
	GlobalSection(ProjectConfigurationPlatforms) = postSolution
		{B991F7F5-F6BF-4915-BBB8-BA7AE7E11A86}.Debug|Any CPU.ActiveCfg = Debug|Any CPU
		{B991F7F5-F6BF-4915-BBB8-BA7AE7E11A86}.Debug|Any CPU.Build.0 = Debug|Any CPU
		{B991F7F5-F6BF-4915-BBB8-BA7AE7E11A86}.Release|Any CPU.ActiveCfg = Release|Any CPU
		{B991F7F5-F6BF-4915-BBB8-BA7AE7E11A86}.Release|Any CPU.Build.0 = Release|Any CPU
	EndGlobalSection
	GlobalSection(SolutionProperties) = preSolution
		HideSolutionNode = FALSE
	EndGlobalSection
	GlobalSection(ExtensibilityGlobals) = postSolution
		SolutionGuid = {D4297CEE-E5A5-4C7F-9D32-2CD5F1AF6164}
	EndGlobalSection
EndGlobal
