
Microsoft Visual Studio Solution File, Format Version 12.00
# Visual Studio Version 16
VisualStudioVersion = 16.0.31205.134
MinimumVisualStudioVersion = 10.0.40219.1
Project("{FAE04EC0-301F-11D3-BF4B-00C04F79EFBC}") = "uri - 1046 - tempo de jogo", "uri - 1046 - tempo de jogo\uri - 1046 - tempo de jogo.csproj", "{9377B292-71A0-42DC-BF6D-AC5315C3D05B}"
EndProject
Global
	GlobalSection(SolutionConfigurationPlatforms) = preSolution
		Debug|Any CPU = Debug|Any CPU
		Release|Any CPU = Release|Any CPU
	EndGlobalSection
	GlobalSection(ProjectConfigurationPlatforms) = postSolution
		{9377B292-71A0-42DC-BF6D-AC5315C3D05B}.Debug|Any CPU.ActiveCfg = Debug|Any CPU
		{9377B292-71A0-42DC-BF6D-AC5315C3D05B}.Debug|Any CPU.Build.0 = Debug|Any CPU
		{9377B292-71A0-42DC-BF6D-AC5315C3D05B}.Release|Any CPU.ActiveCfg = Release|Any CPU
		{9377B292-71A0-42DC-BF6D-AC5315C3D05B}.Release|Any CPU.Build.0 = Release|Any CPU
	EndGlobalSection
	GlobalSection(SolutionProperties) = preSolution
		HideSolutionNode = FALSE
	EndGlobalSection
	GlobalSection(ExtensibilityGlobals) = postSolution
		SolutionGuid = {10E911A6-FDDE-4C44-B301-3461F81D3A6F}
	EndGlobalSection
EndGlobal
