
Microsoft Visual Studio Solution File, Format Version 12.00
# Visual Studio Version 16
VisualStudioVersion = 16.0.31205.134
MinimumVisualStudioVersion = 10.0.40219.1
Project("{FAE04EC0-301F-11D3-BF4B-00C04F79EFBC}") = "uri - 1051 - imposto de renda", "uri - 1051 - imposto de renda\uri - 1051 - imposto de renda.csproj", "{62E75682-E07E-43C4-A522-DF8CEBA1D527}"
EndProject
Global
	GlobalSection(SolutionConfigurationPlatforms) = preSolution
		Debug|Any CPU = Debug|Any CPU
		Release|Any CPU = Release|Any CPU
	EndGlobalSection
	GlobalSection(ProjectConfigurationPlatforms) = postSolution
		{62E75682-E07E-43C4-A522-DF8CEBA1D527}.Debug|Any CPU.ActiveCfg = Debug|Any CPU
		{62E75682-E07E-43C4-A522-DF8CEBA1D527}.Debug|Any CPU.Build.0 = Debug|Any CPU
		{62E75682-E07E-43C4-A522-DF8CEBA1D527}.Release|Any CPU.ActiveCfg = Release|Any CPU
		{62E75682-E07E-43C4-A522-DF8CEBA1D527}.Release|Any CPU.Build.0 = Release|Any CPU
	EndGlobalSection
	GlobalSection(SolutionProperties) = preSolution
		HideSolutionNode = FALSE
	EndGlobalSection
	GlobalSection(ExtensibilityGlobals) = postSolution
		SolutionGuid = {21EE20E7-6D18-4302-AA27-BE0A1D516ACB}
	EndGlobalSection
EndGlobal
