
Microsoft Visual Studio Solution File, Format Version 12.00
# Visual Studio Version 16
VisualStudioVersion = 16.0.31025.194
MinimumVisualStudioVersion = 10.0.40219.1
Project("{FAE04EC0-301F-11D3-BF4B-00C04F79EFBC}") = "uri - 1011 - esfera", "uri - 1011 - esfera\uri - 1011 - esfera.csproj", "{505A2B51-BB0E-48D9-857D-A25938F00392}"
EndProject
Global
	GlobalSection(SolutionConfigurationPlatforms) = preSolution
		Debug|Any CPU = Debug|Any CPU
		Release|Any CPU = Release|Any CPU
	EndGlobalSection
	GlobalSection(ProjectConfigurationPlatforms) = postSolution
		{505A2B51-BB0E-48D9-857D-A25938F00392}.Debug|Any CPU.ActiveCfg = Debug|Any CPU
		{505A2B51-BB0E-48D9-857D-A25938F00392}.Debug|Any CPU.Build.0 = Debug|Any CPU
		{505A2B51-BB0E-48D9-857D-A25938F00392}.Release|Any CPU.ActiveCfg = Release|Any CPU
		{505A2B51-BB0E-48D9-857D-A25938F00392}.Release|Any CPU.Build.0 = Release|Any CPU
	EndGlobalSection
	GlobalSection(SolutionProperties) = preSolution
		HideSolutionNode = FALSE
	EndGlobalSection
	GlobalSection(ExtensibilityGlobals) = postSolution
		SolutionGuid = {6045D273-66FB-4377-8C0A-7F44A1D345E6}
	EndGlobalSection
EndGlobal
