
Microsoft Visual Studio Solution File, Format Version 12.00
# Visual Studio Version 16
VisualStudioVersion = 16.0.31025.194
MinimumVisualStudioVersion = 10.0.40219.1
Project("{FAE04EC0-301F-11D3-BF4B-00C04F79EFBC}") = "uri - 1008 - salario", "uri - 1008 - salario\uri - 1008 - salario.csproj", "{517CD989-8137-49A6-91D1-7889ADC84AC4}"
EndProject
Global
	GlobalSection(SolutionConfigurationPlatforms) = preSolution
		Debug|Any CPU = Debug|Any CPU
		Release|Any CPU = Release|Any CPU
	EndGlobalSection
	GlobalSection(ProjectConfigurationPlatforms) = postSolution
		{517CD989-8137-49A6-91D1-7889ADC84AC4}.Debug|Any CPU.ActiveCfg = Debug|Any CPU
		{517CD989-8137-49A6-91D1-7889ADC84AC4}.Debug|Any CPU.Build.0 = Debug|Any CPU
		{517CD989-8137-49A6-91D1-7889ADC84AC4}.Release|Any CPU.ActiveCfg = Release|Any CPU
		{517CD989-8137-49A6-91D1-7889ADC84AC4}.Release|Any CPU.Build.0 = Release|Any CPU
	EndGlobalSection
	GlobalSection(SolutionProperties) = preSolution
		HideSolutionNode = FALSE
	EndGlobalSection
	GlobalSection(ExtensibilityGlobals) = postSolution
		SolutionGuid = {22D3C43E-C994-41DD-A8C7-0F5DD376A69F}
	EndGlobalSection
EndGlobal
