
Microsoft Visual Studio Solution File, Format Version 12.00
# Visual Studio Version 16
VisualStudioVersion = 16.0.31025.194
MinimumVisualStudioVersion = 10.0.40219.1
Project("{FAE04EC0-301F-11D3-BF4B-00C04F79EFBC}") = "uri - 1015- distancia entre dois pontos", "uri - 1015- distancia entre dois pontos\uri - 1015- distancia entre dois pontos.csproj", "{92BC3776-6084-474B-8B5D-22725B8A7FE5}"
EndProject
Global
	GlobalSection(SolutionConfigurationPlatforms) = preSolution
		Debug|Any CPU = Debug|Any CPU
		Release|Any CPU = Release|Any CPU
	EndGlobalSection
	GlobalSection(ProjectConfigurationPlatforms) = postSolution
		{92BC3776-6084-474B-8B5D-22725B8A7FE5}.Debug|Any CPU.ActiveCfg = Debug|Any CPU
		{92BC3776-6084-474B-8B5D-22725B8A7FE5}.Debug|Any CPU.Build.0 = Debug|Any CPU
		{92BC3776-6084-474B-8B5D-22725B8A7FE5}.Release|Any CPU.ActiveCfg = Release|Any CPU
		{92BC3776-6084-474B-8B5D-22725B8A7FE5}.Release|Any CPU.Build.0 = Release|Any CPU
	EndGlobalSection
	GlobalSection(SolutionProperties) = preSolution
		HideSolutionNode = FALSE
	EndGlobalSection
	GlobalSection(ExtensibilityGlobals) = postSolution
		SolutionGuid = {5DFD13BB-4F51-4630-B088-165713A63299}
	EndGlobalSection
EndGlobal
