
Microsoft Visual Studio Solution File, Format Version 12.00
# Visual Studio Version 16
VisualStudioVersion = 16.0.31205.134
MinimumVisualStudioVersion = 10.0.40219.1
Project("{FAE04EC0-301F-11D3-BF4B-00C04F79EFBC}") = "uri-1115-quadrante", "uri-1115-quadrante\uri-1115-quadrante.csproj", "{6B6C56DD-CB8B-4314-A808-689D8F0DA436}"
EndProject
Global
	GlobalSection(SolutionConfigurationPlatforms) = preSolution
		Debug|Any CPU = Debug|Any CPU
		Release|Any CPU = Release|Any CPU
	EndGlobalSection
	GlobalSection(ProjectConfigurationPlatforms) = postSolution
		{6B6C56DD-CB8B-4314-A808-689D8F0DA436}.Debug|Any CPU.ActiveCfg = Debug|Any CPU
		{6B6C56DD-CB8B-4314-A808-689D8F0DA436}.Debug|Any CPU.Build.0 = Debug|Any CPU
		{6B6C56DD-CB8B-4314-A808-689D8F0DA436}.Release|Any CPU.ActiveCfg = Release|Any CPU
		{6B6C56DD-CB8B-4314-A808-689D8F0DA436}.Release|Any CPU.Build.0 = Release|Any CPU
	EndGlobalSection
	GlobalSection(SolutionProperties) = preSolution
		HideSolutionNode = FALSE
	EndGlobalSection
	GlobalSection(ExtensibilityGlobals) = postSolution
		SolutionGuid = {CE021E47-7376-48EE-8F77-EEDA83E500D3}
	EndGlobalSection
EndGlobal
